<Solution>
  <Folder Name="/src/">
    <Project Path="src/Craftiger.Api/Craftiger.Api.csproj" />
    <Project Path="src/Craftiger.Builder/Craftiger.Builder.csproj" />
    <Project Path="src/Craftiger.Solver/Craftiger.Solver.csproj" />
  </Folder>
  <Folder Name="/tests/">
    <Project Path="tests/Craftiger.Builder.UnitTests/Craftiger.Builder.UnitTests.csproj" />
    <Project Path="tests/Craftiger.Solver.UnitTests/Craftiger.Solver.UnitTests.csproj" />
  </Folder>
</Solution>